
Microsoft Visual Studio Solution File, Format Version 12.00
# Visual Studio Version 17
VisualStudioVersion = 17.0.31903.59
MinimumVisualStudioVersion = 10.0.40219.1
Project("{FAE04EC0-301F-11D3-BF4B-00C04F79EFBC}") = "Api", "Api\Api.csproj", "{983AA028-EB70-4BD2-B174-03572BA9E69E}"
EndProject
Project("{FAE04EC0-301F-11D3-BF4B-00C04F79EFBC}") = "Core", "Core\Core.csproj", "{94662A52-7D60-4036-B327-900EFB02EA4F}"
EndProject
Project("{FAE04EC0-301F-11D3-BF4B-00C04F79EFBC}") = "Infrastructure", "Infrastructure\Infrastructure.csproj", "{839BDCA0-8FFE-480A-B7AD-5D0B94023B62}"
EndProject
Project("{FAE04EC0-301F-11D3-BF4B-00C04F79EFBC}") = "Persistence", "..\..\shared\Persistence\Persistence.csproj", "{0F2873A2-3E96-42A3-A853-33DC9C1C2BBD}"
EndProject
Global
	GlobalSection(SolutionConfigurationPlatforms) = preSolution
		Debug|Any CPU = Debug|Any CPU
		Debug|x64 = Debug|x64
		Debug|x86 = Debug|x86
		Release|Any CPU = Release|Any CPU
		Release|x64 = Release|x64
		Release|x86 = Release|x86
	EndGlobalSection
	GlobalSection(ProjectConfigurationPlatforms) = postSolution
		{983AA028-EB70-4BD2-B174-03572BA9E69E}.Debug|Any CPU.ActiveCfg = Debug|Any CPU
		{983AA028-EB70-4BD2-B174-03572BA9E69E}.Debug|Any CPU.Build.0 = Debug|Any CPU
		{983AA028-EB70-4BD2-B174-03572BA9E69E}.Debug|x64.ActiveCfg = Debug|Any CPU
		{983AA028-EB70-4BD2-B174-03572BA9E69E}.Debug|x64.Build.0 = Debug|Any CPU
		{983AA028-EB70-4BD2-B174-03572BA9E69E}.Debug|x86.ActiveCfg = Debug|Any CPU
		{983AA028-EB70-4BD2-B174-03572BA9E69E}.Debug|x86.Build.0 = Debug|Any CPU
		{983AA028-EB70-4BD2-B174-03572BA9E69E}.Release|Any CPU.ActiveCfg = Release|Any CPU
		{983AA028-EB70-4BD2-B174-03572BA9E69E}.Release|Any CPU.Build.0 = Release|Any CPU
		{983AA028-EB70-4BD2-B174-03572BA9E69E}.Release|x64.ActiveCfg = Release|Any CPU
		{983AA028-EB70-4BD2-B174-03572BA9E69E}.Release|x64.Build.0 = Release|Any CPU
		{983AA028-EB70-4BD2-B174-03572BA9E69E}.Release|x86.ActiveCfg = Release|Any CPU
		{983AA028-EB70-4BD2-B174-03572BA9E69E}.Release|x86.Build.0 = Release|Any CPU
		{94662A52-7D60-4036-B327-900EFB02EA4F}.Debug|Any CPU.ActiveCfg = Debug|Any CPU
		{94662A52-7D60-4036-B327-900EFB02EA4F}.Debug|Any CPU.Build.0 = Debug|Any CPU
		{94662A52-7D60-4036-B327-900EFB02EA4F}.Debug|x64.ActiveCfg = Debug|Any CPU
		{94662A52-7D60-4036-B327-900EFB02EA4F}.Debug|x64.Build.0 = Debug|Any CPU
		{94662A52-7D60-4036-B327-900EFB02EA4F}.Debug|x86.ActiveCfg = Debug|Any CPU
		{94662A52-7D60-4036-B327-900EFB02EA4F}.Debug|x86.Build.0 = Debug|Any CPU
		{94662A52-7D60-4036-B327-900EFB02EA4F}.Release|Any CPU.ActiveCfg = Release|Any CPU
		{94662A52-7D60-4036-B327-900EFB02EA4F}.Release|Any CPU.Build.0 = Release|Any CPU
		{94662A52-7D60-4036-B327-900EFB02EA4F}.Release|x64.ActiveCfg = Release|Any CPU
		{94662A52-7D60-4036-B327-900EFB02EA4F}.Release|x64.Build.0 = Release|Any CPU
		{94662A52-7D60-4036-B327-900EFB02EA4F}.Release|x86.ActiveCfg = Release|Any CPU
		{94662A52-7D60-4036-B327-900EFB02EA4F}.Release|x86.Build.0 = Release|Any CPU
		{839BDCA0-8FFE-480A-B7AD-5D0B94023B62}.Debug|Any CPU.ActiveCfg = Debug|Any CPU
		{839BDCA0-8FFE-480A-B7AD-5D0B94023B62}.Debug|Any CPU.Build.0 = Debug|Any CPU
		{839BDCA0-8FFE-480A-B7AD-5D0B94023B62}.Debug|x64.ActiveCfg = Debug|Any CPU
		{839BDCA0-8FFE-480A-B7AD-5D0B94023B62}.Debug|x64.Build.0 = Debug|Any CPU
		{839BDCA0-8FFE-480A-B7AD-5D0B94023B62}.Debug|x86.ActiveCfg = Debug|Any CPU
		{839BDCA0-8FFE-480A-B7AD-5D0B94023B62}.Debug|x86.Build.0 = Debug|Any CPU
		{839BDCA0-8FFE-480A-B7AD-5D0B94023B62}.Release|Any CPU.ActiveCfg = Release|Any CPU
		{839BDCA0-8FFE-480A-B7AD-5D0B94023B62}.Release|Any CPU.Build.0 = Release|Any CPU
		{839BDCA0-8FFE-480A-B7AD-5D0B94023B62}.Release|x64.ActiveCfg = Release|Any CPU
		{839BDCA0-8FFE-480A-B7AD-5D0B94023B62}.Release|x64.Build.0 = Release|Any CPU
		{839BDCA0-8FFE-480A-B7AD-5D0B94023B62}.Release|x86.ActiveCfg = Release|Any CPU
		{839BDCA0-8FFE-480A-B7AD-5D0B94023B62}.Release|x86.Build.0 = Release|Any CPU
		{0F2873A2-3E96-42A3-A853-33DC9C1C2BBD}.Debug|Any CPU.ActiveCfg = Debug|Any CPU
		{0F2873A2-3E96-42A3-A853-33DC9C1C2BBD}.Debug|Any CPU.Build.0 = Debug|Any CPU
		{0F2873A2-3E96-42A3-A853-33DC9C1C2BBD}.Debug|x64.ActiveCfg = Debug|Any CPU
		{0F2873A2-3E96-42A3-A853-33DC9C1C2BBD}.Debug|x64.Build.0 = Debug|Any CPU
		{0F2873A2-3E96-42A3-A853-33DC9C1C2BBD}.Debug|x86.ActiveCfg = Debug|Any CPU
		{0F2873A2-3E96-42A3-A853-33DC9C1C2BBD}.Debug|x86.Build.0 = Debug|Any CPU
		{0F2873A2-3E96-42A3-A853-33DC9C1C2BBD}.Release|Any CPU.ActiveCfg = Release|Any CPU
		{0F2873A2-3E96-42A3-A853-33DC9C1C2BBD}.Release|Any CPU.Build.0 = Release|Any CPU
		{0F2873A2-3E96-42A3-A853-33DC9C1C2BBD}.Release|x64.ActiveCfg = Release|Any CPU
		{0F2873A2-3E96-42A3-A853-33DC9C1C2BBD}.Release|x64.Build.0 = Release|Any CPU
		{0F2873A2-3E96-42A3-A853-33DC9C1C2BBD}.Release|x86.ActiveCfg = Release|Any CPU
		{0F2873A2-3E96-42A3-A853-33DC9C1C2BBD}.Release|x86.Build.0 = Release|Any CPU
	EndGlobalSection
	GlobalSection(SolutionProperties) = preSolution
		HideSolutionNode = FALSE
	EndGlobalSection
EndGlobal
