
Microsoft Visual Studio Solution File, Format Version 12.00
# Visual Studio Version 18
VisualStudioVersion = 18.6.11806.211
MinimumVisualStudioVersion = 10.0.40219.1
Project("{FAE04EC0-301F-11D3-BF4B-00C04F79EFBC}") = "Api", "Api\Api.csproj", "{0BB3939A-9D67-4063-A130-62FD0D0147EE}"
EndProject
Project("{FAE04EC0-301F-11D3-BF4B-00C04F79EFBC}") = "Core", "Core\Core.csproj", "{B99D4D50-77AE-4D6F-87BF-868E7FA73891}"
EndProject
Project("{FAE04EC0-301F-11D3-BF4B-00C04F79EFBC}") = "Infrastructure", "Infrastructure\Infrastructure.csproj", "{7399C87D-E1BC-4604-8D9C-3EBB67C75689}"
EndProject
Project("{FAE04EC0-301F-11D3-BF4B-00C04F79EFBC}") = "Persistence", "..\..\shared\Persistence\Persistence.csproj", "{C57B00FD-CE77-4B01-95FD-CE67E159DED5}"
EndProject
Project("{2150E333-8FDC-42A3-9474-1A3956D46DE8}") = "tests", "tests", "{0AB3BF05-4346-4AA6-1389-037BE0695223}"
EndProject
Project("{FAE04EC0-301F-11D3-BF4B-00C04F79EFBC}") = "Core.Tests", "tests\Core.Tests\Core.Tests.csproj", "{2779252D-EA81-4AFE-8188-E6F5474B216C}"
EndProject
Project("{FAE04EC0-301F-11D3-BF4B-00C04F79EFBC}") = "Infrastructure.Tests", "tests\Infrastructure.Tests\Infrastructure.Tests.csproj", "{48E91E94-122D-4BAA-A1B0-8C37CE9BFD49}"
EndProject
Project("{FAE04EC0-301F-11D3-BF4B-00C04F79EFBC}") = "Api.Tests", "tests\Api.Tests\Api.Tests.csproj", "{D92B96C0-D971-4DFF-8046-3BBD8325B348}"
EndProject
Global
	GlobalSection(SolutionConfigurationPlatforms) = preSolution
		Debug|Any CPU = Debug|Any CPU
		Debug|x64 = Debug|x64
		Debug|x86 = Debug|x86
		Release|Any CPU = Release|Any CPU
		Release|x64 = Release|x64
		Release|x86 = Release|x86
	EndGlobalSection
	GlobalSection(ProjectConfigurationPlatforms) = postSolution
		{0BB3939A-9D67-4063-A130-62FD0D0147EE}.Debug|Any CPU.ActiveCfg = Debug|Any CPU
		{0BB3939A-9D67-4063-A130-62FD0D0147EE}.Debug|Any CPU.Build.0 = Debug|Any CPU
		{0BB3939A-9D67-4063-A130-62FD0D0147EE}.Debug|x64.ActiveCfg = Debug|Any CPU
		{0BB3939A-9D67-4063-A130-62FD0D0147EE}.Debug|x64.Build.0 = Debug|Any CPU
		{0BB3939A-9D67-4063-A130-62FD0D0147EE}.Debug|x86.ActiveCfg = Debug|Any CPU
		{0BB3939A-9D67-4063-A130-62FD0D0147EE}.Debug|x86.Build.0 = Debug|Any CPU
		{0BB3939A-9D67-4063-A130-62FD0D0147EE}.Release|Any CPU.ActiveCfg = Release|Any CPU
		{0BB3939A-9D67-4063-A130-62FD0D0147EE}.Release|Any CPU.Build.0 = Release|Any CPU
		{0BB3939A-9D67-4063-A130-62FD0D0147EE}.Release|x64.ActiveCfg = Release|Any CPU
		{0BB3939A-9D67-4063-A130-62FD0D0147EE}.Release|x64.Build.0 = Release|Any CPU
		{0BB3939A-9D67-4063-A130-62FD0D0147EE}.Release|x86.ActiveCfg = Release|Any CPU
		{0BB3939A-9D67-4063-A130-62FD0D0147EE}.Release|x86.Build.0 = Release|Any CPU
		{B99D4D50-77AE-4D6F-87BF-868E7FA73891}.Debug|Any CPU.ActiveCfg = Debug|Any CPU
		{B99D4D50-77AE-4D6F-87BF-868E7FA73891}.Debug|Any CPU.Build.0 = Debug|Any CPU
		{B99D4D50-77AE-4D6F-87BF-868E7FA73891}.Debug|x64.ActiveCfg = Debug|Any CPU
		{B99D4D50-77AE-4D6F-87BF-868E7FA73891}.Debug|x64.Build.0 = Debug|Any CPU
		{B99D4D50-77AE-4D6F-87BF-868E7FA73891}.Debug|x86.ActiveCfg = Debug|Any CPU
		{B99D4D50-77AE-4D6F-87BF-868E7FA73891}.Debug|x86.Build.0 = Debug|Any CPU
		{B99D4D50-77AE-4D6F-87BF-868E7FA73891}.Release|Any CPU.ActiveCfg = Release|Any CPU
		{B99D4D50-77AE-4D6F-87BF-868E7FA73891}.Release|Any CPU.Build.0 = Release|Any CPU
		{B99D4D50-77AE-4D6F-87BF-868E7FA73891}.Release|x64.ActiveCfg = Release|Any CPU
		{B99D4D50-77AE-4D6F-87BF-868E7FA73891}.Release|x64.Build.0 = Release|Any CPU
		{B99D4D50-77AE-4D6F-87BF-868E7FA73891}.Release|x86.ActiveCfg = Release|Any CPU
		{B99D4D50-77AE-4D6F-87BF-868E7FA73891}.Release|x86.Build.0 = Release|Any CPU
		{7399C87D-E1BC-4604-8D9C-3EBB67C75689}.Debug|Any CPU.ActiveCfg = Debug|Any CPU
		{7399C87D-E1BC-4604-8D9C-3EBB67C75689}.Debug|Any CPU.Build.0 = Debug|Any CPU
		{7399C87D-E1BC-4604-8D9C-3EBB67C75689}.Debug|x64.ActiveCfg = Debug|Any CPU
		{7399C87D-E1BC-4604-8D9C-3EBB67C75689}.Debug|x64.Build.0 = Debug|Any CPU
		{7399C87D-E1BC-4604-8D9C-3EBB67C75689}.Debug|x86.ActiveCfg = Debug|Any CPU
		{7399C87D-E1BC-4604-8D9C-3EBB67C75689}.Debug|x86.Build.0 = Debug|Any CPU
		{7399C87D-E1BC-4604-8D9C-3EBB67C75689}.Release|Any CPU.ActiveCfg = Release|Any CPU
		{7399C87D-E1BC-4604-8D9C-3EBB67C75689}.Release|Any CPU.Build.0 = Release|Any CPU
		{7399C87D-E1BC-4604-8D9C-3EBB67C75689}.Release|x64.ActiveCfg = Release|Any CPU
		{7399C87D-E1BC-4604-8D9C-3EBB67C75689}.Release|x64.Build.0 = Release|Any CPU
		{7399C87D-E1BC-4604-8D9C-3EBB67C75689}.Release|x86.ActiveCfg = Release|Any CPU
		{7399C87D-E1BC-4604-8D9C-3EBB67C75689}.Release|x86.Build.0 = Release|Any CPU
		{C57B00FD-CE77-4B01-95FD-CE67E159DED5}.Debug|Any CPU.ActiveCfg = Debug|Any CPU
		{C57B00FD-CE77-4B01-95FD-CE67E159DED5}.Debug|Any CPU.Build.0 = Debug|Any CPU
		{C57B00FD-CE77-4B01-95FD-CE67E159DED5}.Debug|x64.ActiveCfg = Debug|Any CPU
		{C57B00FD-CE77-4B01-95FD-CE67E159DED5}.Debug|x64.Build.0 = Debug|Any CPU
		{C57B00FD-CE77-4B01-95FD-CE67E159DED5}.Debug|x86.ActiveCfg = Debug|Any CPU
		{C57B00FD-CE77-4B01-95FD-CE67E159DED5}.Debug|x86.Build.0 = Debug|Any CPU
		{C57B00FD-CE77-4B01-95FD-CE67E159DED5}.Release|Any CPU.ActiveCfg = Release|Any CPU
		{C57B00FD-CE77-4B01-95FD-CE67E159DED5}.Release|Any CPU.Build.0 = Release|Any CPU
		{C57B00FD-CE77-4B01-95FD-CE67E159DED5}.Release|x64.ActiveCfg = Release|Any CPU
		{C57B00FD-CE77-4B01-95FD-CE67E159DED5}.Release|x64.Build.0 = Release|Any CPU
		{C57B00FD-CE77-4B01-95FD-CE67E159DED5}.Release|x86.ActiveCfg = Release|Any CPU
		{C57B00FD-CE77-4B01-95FD-CE67E159DED5}.Release|x86.Build.0 = Release|Any CPU
		{2779252D-EA81-4AFE-8188-E6F5474B216C}.Debug|Any CPU.ActiveCfg = Debug|Any CPU
		{2779252D-EA81-4AFE-8188-E6F5474B216C}.Debug|Any CPU.Build.0 = Debug|Any CPU
		{2779252D-EA81-4AFE-8188-E6F5474B216C}.Debug|x64.ActiveCfg = Debug|Any CPU
		{2779252D-EA81-4AFE-8188-E6F5474B216C}.Debug|x64.Build.0 = Debug|Any CPU
		{2779252D-EA81-4AFE-8188-E6F5474B216C}.Debug|x86.ActiveCfg = Debug|Any CPU
		{2779252D-EA81-4AFE-8188-E6F5474B216C}.Debug|x86.Build.0 = Debug|Any CPU
		{2779252D-EA81-4AFE-8188-E6F5474B216C}.Release|Any CPU.ActiveCfg = Release|Any CPU
		{2779252D-EA81-4AFE-8188-E6F5474B216C}.Release|Any CPU.Build.0 = Release|Any CPU
		{2779252D-EA81-4AFE-8188-E6F5474B216C}.Release|x64.ActiveCfg = Release|Any CPU
		{2779252D-EA81-4AFE-8188-E6F5474B216C}.Release|x64.Build.0 = Release|Any CPU
		{2779252D-EA81-4AFE-8188-E6F5474B216C}.Release|x86.ActiveCfg = Release|Any CPU
		{2779252D-EA81-4AFE-8188-E6F5474B216C}.Release|x86.Build.0 = Release|Any CPU
		{48E91E94-122D-4BAA-A1B0-8C37CE9BFD49}.Debug|Any CPU.ActiveCfg = Debug|Any CPU
		{48E91E94-122D-4BAA-A1B0-8C37CE9BFD49}.Debug|Any CPU.Build.0 = Debug|Any CPU
		{48E91E94-122D-4BAA-A1B0-8C37CE9BFD49}.Debug|x64.ActiveCfg = Debug|Any CPU
		{48E91E94-122D-4BAA-A1B0-8C37CE9BFD49}.Debug|x64.Build.0 = Debug|Any CPU
		{48E91E94-122D-4BAA-A1B0-8C37CE9BFD49}.Debug|x86.ActiveCfg = Debug|Any CPU
		{48E91E94-122D-4BAA-A1B0-8C37CE9BFD49}.Debug|x86.Build.0 = Debug|Any CPU
		{48E91E94-122D-4BAA-A1B0-8C37CE9BFD49}.Release|Any CPU.ActiveCfg = Release|Any CPU
		{48E91E94-122D-4BAA-A1B0-8C37CE9BFD49}.Release|Any CPU.Build.0 = Release|Any CPU
		{48E91E94-122D-4BAA-A1B0-8C37CE9BFD49}.Release|x64.ActiveCfg = Release|Any CPU
		{48E91E94-122D-4BAA-A1B0-8C37CE9BFD49}.Release|x64.Build.0 = Release|Any CPU
		{48E91E94-122D-4BAA-A1B0-8C37CE9BFD49}.Release|x86.ActiveCfg = Release|Any CPU
		{48E91E94-122D-4BAA-A1B0-8C37CE9BFD49}.Release|x86.Build.0 = Release|Any CPU
		{D92B96C0-D971-4DFF-8046-3BBD8325B348}.Debug|Any CPU.ActiveCfg = Debug|Any CPU
		{D92B96C0-D971-4DFF-8046-3BBD8325B348}.Debug|Any CPU.Build.0 = Debug|Any CPU
		{D92B96C0-D971-4DFF-8046-3BBD8325B348}.Debug|x64.ActiveCfg = Debug|Any CPU
		{D92B96C0-D971-4DFF-8046-3BBD8325B348}.Debug|x64.Build.0 = Debug|Any CPU
		{D92B96C0-D971-4DFF-8046-3BBD8325B348}.Debug|x86.ActiveCfg = Debug|Any CPU
		{D92B96C0-D971-4DFF-8046-3BBD8325B348}.Debug|x86.Build.0 = Debug|Any CPU
		{D92B96C0-D971-4DFF-8046-3BBD8325B348}.Release|Any CPU.ActiveCfg = Release|Any CPU
		{D92B96C0-D971-4DFF-8046-3BBD8325B348}.Release|Any CPU.Build.0 = Release|Any CPU
		{D92B96C0-D971-4DFF-8046-3BBD8325B348}.Release|x64.ActiveCfg = Release|Any CPU
		{D92B96C0-D971-4DFF-8046-3BBD8325B348}.Release|x64.Build.0 = Release|Any CPU
		{D92B96C0-D971-4DFF-8046-3BBD8325B348}.Release|x86.ActiveCfg = Release|Any CPU
		{D92B96C0-D971-4DFF-8046-3BBD8325B348}.Release|x86.Build.0 = Release|Any CPU
	EndGlobalSection
	GlobalSection(SolutionProperties) = preSolution
		HideSolutionNode = FALSE
	EndGlobalSection
	GlobalSection(NestedProjects) = preSolution
		{2779252D-EA81-4AFE-8188-E6F5474B216C} = {0AB3BF05-4346-4AA6-1389-037BE0695223}
		{48E91E94-122D-4BAA-A1B0-8C37CE9BFD49} = {0AB3BF05-4346-4AA6-1389-037BE0695223}
		{D92B96C0-D971-4DFF-8046-3BBD8325B348} = {0AB3BF05-4346-4AA6-1389-037BE0695223}
	EndGlobalSection
	GlobalSection(ExtensibilityGlobals) = postSolution
		SolutionGuid = {C78DBCCF-93BA-4580-A7DA-39656AC79857}
	EndGlobalSection
EndGlobal
